// !$*UTF8*$!
{
	archiveVersion = 1;
	classes = {
	};
	objectVersion = 50;
	objects = {

/* Begin PBXBuildFile section */
		07C2436024D2DB3900582DF0 /* missionStatement.swift in Sources */ = {isa = PBXBuildFile; fileRef = 07C2435F24D2DB3800582DF0 /* missionStatement.swift */; };
		187249C624D1F476005A64B3 /* AppDelegate.swift in Sources */ = {isa = PBXBuildFile; fileRef = 187249C524D1F476005A64B3 /* AppDelegate.swift */; };
		187249C824D1F476005A64B3 /* SceneDelegate.swift in Sources */ = {isa = PBXBuildFile; fileRef = 187249C724D1F476005A64B3 /* SceneDelegate.swift */; };
		187249CA24D1F476005A64B3 /* ViewController.swift in Sources */ = {isa = PBXBuildFile; fileRef = 187249C924D1F476005A64B3 /* ViewController.swift */; };
		187249CD24D1F476005A64B3 /* Main.storyboard in Resources */ = {isa = PBXBuildFile; fileRef = 187249CB24D1F476005A64B3 /* Main.storyboard */; };
		187249D024D1F476005A64B3 /* Final_Project_.xcdatamodeld in Sources */ = {isa = PBXBuildFile; fileRef = 187249CE24D1F476005A64B3 /* Final_Project_.xcdatamodeld */; };
		187249D224D1F477005A64B3 /* Assets.xcassets in Resources */ = {isa = PBXBuildFile; fileRef = 187249D124D1F477005A64B3 /* Assets.xcassets */; };
		187249D524D1F477005A64B3 /* LaunchScreen.storyboard in Resources */ = {isa = PBXBuildFile; fileRef = 187249D324D1F477005A64B3 /* LaunchScreen.storyboard */; };
		187249E024D1F478005A64B3 /* Final_Project_Tests.swift in Sources */ = {isa = PBXBuildFile; fileRef = 187249DF24D1F478005A64B3 /* Final_Project_Tests.swift */; };
		187249EB24D1F478005A64B3 /* Final_Project_UITests.swift in Sources */ = {isa = PBXBuildFile; fileRef = 187249EA24D1F478005A64B3 /* Final_Project_UITests.swift */; };
		187249F924D1F5A8005A64B3 /* options.swift in Sources */ = {isa = PBXBuildFile; fileRef = 187249F824D1F5A8005A64B3 /* options.swift */; };
		187249FB24D1F5E4005A64B3 /* weeklyUpdates.swift in Sources */ = {isa = PBXBuildFile; fileRef = 187249FA24D1F5E4005A64B3 /* weeklyUpdates.swift */; };
		187249FD24D1F60B005A64B3 /* resources.swift in Sources */ = {isa = PBXBuildFile; fileRef = 187249FC24D1F60B005A64B3 /* resources.swift */; };
		187249FF24D1F633005A64B3 /* mentalHealth.swift in Sources */ = {isa = PBXBuildFile; fileRef = 187249FE24D1F633005A64B3 /* mentalHealth.swift */; };
		18724A0124D1F6A6005A64B3 /* BLM.swift in Sources */ = {isa = PBXBuildFile; fileRef = 18724A0024D1F6A6005A64B3 /* BLM.swift */; };
		18724A0324D1F6B9005A64B3 /* LGBTQ.swift in Sources */ = {isa = PBXBuildFile; fileRef = 18724A0224D1F6B9005A64B3 /* LGBTQ.swift */; };
		18724A0524D1F77B005A64B3 /* disability.swift in Sources */ = {isa = PBXBuildFile; fileRef = 18724A0424D1F77B005A64B3 /* disability.swift */; };
		18724A0724D1F792005A64B3 /* womensRights.swift in Sources */ = {isa = PBXBuildFile; fileRef = 18724A0624D1F792005A64B3 /* womensRights.swift */; };
		18724A0924D1F7B6005A64B3 /* cilmateChange.swift in Sources */ = {isa = PBXBuildFile; fileRef = 18724A0824D1F7B6005A64B3 /* cilmateChange.swift */; };
/* End PBXBuildFile section */

/* Begin PBXContainerItemProxy section */
		187249DC24D1F478005A64B3 /* PBXContainerItemProxy */ = {
			isa = PBXContainerItemProxy;
			containerPortal = 187249BA24D1F476005A64B3 /* Project object */;
			proxyType = 1;
			remoteGlobalIDString = 187249C124D1F476005A64B3;
			remoteInfo = "Final Project!";
		};
		187249E724D1F478005A64B3 /* PBXContainerItemProxy */ = {
			isa = PBXContainerItemProxy;
			containerPortal = 187249BA24D1F476005A64B3 /* Project object */;
			proxyType = 1;
			remoteGlobalIDString = 187249C124D1F476005A64B3;
			remoteInfo = "Final Project!";
		};
/* End PBXContainerItemProxy section */

/* Begin PBXFileReference section */
		07C2435F24D2DB3800582DF0 /* missionStatement.swift */ = {isa = PBXFileReference; lastKnownFileType = sourcecode.swift; path = missionStatement.swift; sourceTree = "<group>"; };
		187249C224D1F476005A64B3 /* Final Project!.app */ = {isa = PBXFileReference; explicitFileType = wrapper.application; includeInIndex = 0; path = "Final Project!.app"; sourceTree = BUILT_PRODUCTS_DIR; };
		187249C524D1F476005A64B3 /* AppDelegate.swift */ = {isa = PBXFileReference; lastKnownFileType = sourcecode.swift; path = AppDelegate.swift; sourceTree = "<group>"; };
		187249C724D1F476005A64B3 /* SceneDelegate.swift */ = {isa = PBXFileReference; lastKnownFileType = sourcecode.swift; path = SceneDelegate.swift; sourceTree = "<group>"; };
		187249C924D1F476005A64B3 /* ViewController.swift */ = {isa = PBXFileReference; lastKnownFileType = sourcecode.swift; path = ViewController.swift; sourceTree = "<group>"; };
		187249CC24D1F476005A64B3 /* Base */ = {isa = PBXFileReference; lastKnownFileType = file.storyboard; name = Base; path = Base.lproj/Main.storyboard; sourceTree = "<group>"; };
		187249CF24D1F476005A64B3 /* Final_Project_.xcdatamodel */ = {isa = PBXFileReference; lastKnownFileType = wrapper.xcdatamodel; path = Final_Project_.xcdatamodel; sourceTree = "<group>"; };
		187249D124D1F477005A64B3 /* Assets.xcassets */ = {isa = PBXFileReference; lastKnownFileType = folder.assetcatalog; path = Assets.xcassets; sourceTree = "<group>"; };
		187249D424D1F477005A64B3 /* Base */ = {isa = PBXFileReference; lastKnownFileType = file.storyboard; name = Base; path = Base.lproj/LaunchScreen.storyboard; sourceTree = "<group>"; };
		187249D624D1F477005A64B3 /* Info.plist */ = {isa = PBXFileReference; lastKnownFileType = text.plist.xml; path = Info.plist; sourceTree = "<group>"; };
		187249DB24D1F478005A64B3 /* Final Project!Tests.xctest */ = {isa = PBXFileReference; explicitFileType = wrapper.cfbundle; includeInIndex = 0; path = "Final Project!Tests.xctest"; sourceTree = BUILT_PRODUCTS_DIR; };
		187249DF24D1F478005A64B3 /* Final_Project_Tests.swift */ = {isa = PBXFileReference; lastKnownFileType = sourcecode.swift; path = Final_Project_Tests.swift; sourceTree = "<group>"; };
		187249E124D1F478005A64B3 /* Info.plist */ = {isa = PBXFileReference; lastKnownFileType = text.plist.xml; path = Info.plist; sourceTree = "<group>"; };
		187249E624D1F478005A64B3 /* Final Project!UITests.xctest */ = {isa = PBXFileReference; explicitFileType = wrapper.cfbundle; includeInIndex = 0; path = "Final Project!UITests.xctest"; sourceTree = BUILT_PRODUCTS_DIR; };
		187249EA24D1F478005A64B3 /* Final_Project_UITests.swift */ = {isa = PBXFileReference; lastKnownFileType = sourcecode.swift; path = Final_Project_UITests.swift; sourceTree = "<group>"; };
		187249EC24D1F478005A64B3 /* Info.plist */ = {isa = PBXFileReference; lastKnownFileType = text.plist.xml; path = Info.plist; sourceTree = "<group>"; };
		187249F824D1F5A8005A64B3 /* options.swift */ = {isa = PBXFileReference; lastKnownFileType = sourcecode.swift; path = options.swift; sourceTree = "<group>"; };
		187249FA24D1F5E4005A64B3 /* weeklyUpdates.swift */ = {isa = PBXFileReference; lastKnownFileType = sourcecode.swift; path = weeklyUpdates.swift; sourceTree = "<group>"; };
		187249FC24D1F60B005A64B3 /* resources.swift */ = {isa = PBXFileReference; lastKnownFileType = sourcecode.swift; path = resources.swift; sourceTree = "<group>"; };
		187249FE24D1F633005A64B3 /* mentalHealth.swift */ = {isa = PBXFileReference; lastKnownFileType = sourcecode.swift; path = mentalHealth.swift; sourceTree = "<group>"; };
		18724A0024D1F6A6005A64B3 /* BLM.swift */ = {isa = PBXFileReference; lastKnownFileType = sourcecode.swift; path = BLM.swift; sourceTree = "<group>"; };
		18724A0224D1F6B9005A64B3 /* LGBTQ.swift */ = {isa = PBXFileReference; lastKnownFileType = sourcecode.swift; path = LGBTQ.swift; sourceTree = "<group>"; };
		18724A0424D1F77B005A64B3 /* disability.swift */ = {isa = PBXFileReference; lastKnownFileType = sourcecode.swift; path = disability.swift; sourceTree = "<group>"; };
		18724A0624D1F792005A64B3 /* womensRights.swift */ = {isa = PBXFileReference; lastKnownFileType = sourcecode.swift; path = womensRights.swift; sourceTree = "<group>"; };
		18724A0824D1F7B6005A64B3 /* cilmateChange.swift */ = {isa = PBXFileReference; lastKnownFileType = sourcecode.swift; path = cilmateChange.swift; sourceTree = "<group>"; };
/* End PBXFileReference section */

/* Begin PBXFrameworksBuildPhase section */
		187249BF24D1F476005A64B3 /* Frameworks */ = {
			isa = PBXFrameworksBuildPhase;
			buildActionMask = 2147483647;
			files = (
			);
			runOnlyForDeploymentPostprocessing = 0;
		};
		187249D824D1F478005A64B3 /* Frameworks */ = {
			isa = PBXFrameworksBuildPhase;
			buildActionMask = 2147483647;
			files = (
			);
			runOnlyForDeploymentPostprocessing = 0;
		};
		187249E324D1F478005A64B3 /* Frameworks */ = {
			isa = PBXFrameworksBuildPhase;
			buildActionMask = 2147483647;
			files = (
			);
			runOnlyForDeploymentPostprocessing = 0;
		};
/* End PBXFrameworksBuildPhase section */

/* Begin PBXGroup section */
		187249B924D1F476005A64B3 = {
			isa = PBXGroup;
			children = (
				187249C424D1F476005A64B3 /* Final Project! */,
				187249DE24D1F478005A64B3 /* Final Project!Tests */,
				187249E924D1F478005A64B3 /* Final Project!UITests */,
				187249C324D1F476005A64B3 /* Products */,
			);
			sourceTree = "<group>";
		};
		187249C324D1F476005A64B3 /* Products */ = {
			isa = PBXGroup;
			children = (
				187249C224D1F476005A64B3 /* Final Project!.app */,
				187249DB24D1F478005A64B3 /* Final Project!Tests.xctest */,
				187249E624D1F478005A64B3 /* Final Project!UITests.xctest */,
			);
			name = Products;
			sourceTree = "<group>";
		};
		187249C424D1F476005A64B3 /* Final Project! */ = {
			isa = PBXGroup;
			children = (
				187249C524D1F476005A64B3 /* AppDelegate.swift */,
				187249C724D1F476005A64B3 /* SceneDelegate.swift */,
				187249C924D1F476005A64B3 /* ViewController.swift */,
				187249CB24D1F476005A64B3 /* Main.storyboard */,
				187249D124D1F477005A64B3 /* Assets.xcassets */,
				187249D324D1F477005A64B3 /* LaunchScreen.storyboard */,
				187249D624D1F477005A64B3 /* Info.plist */,
				187249CE24D1F476005A64B3 /* Final_Project_.xcdatamodeld */,
				187249F824D1F5A8005A64B3 /* options.swift */,
				187249FA24D1F5E4005A64B3 /* weeklyUpdates.swift */,
				187249FC24D1F60B005A64B3 /* resources.swift */,
				187249FE24D1F633005A64B3 /* mentalHealth.swift */,
				18724A0024D1F6A6005A64B3 /* BLM.swift */,
				18724A0224D1F6B9005A64B3 /* LGBTQ.swift */,
				18724A0424D1F77B005A64B3 /* disability.swift */,
				18724A0624D1F792005A64B3 /* womensRights.swift */,
				18724A0824D1F7B6005A64B3 /* cilmateChange.swift */,
				07C2435F24D2DB3800582DF0 /* missionStatement.swift */,
			);
			path = "Final Project!";
			sourceTree = "<group>";
		};
		187249DE24D1F478005A64B3 /* Final Project!Tests */ = {
			isa = PBXGroup;
			children = (
				187249DF24D1F478005A64B3 /* Final_Project_Tests.swift */,
				187249E124D1F478005A64B3 /* Info.plist */,
			);
			path = "Final Project!Tests";
			sourceTree = "<group>";
		};
		187249E924D1F478005A64B3 /* Final Project!UITests */ = {
			isa = PBXGroup;
			children = (
				187249EA24D1F478005A64B3 /* Final_Project_UITests.swift */,
				187249EC24D1F478005A64B3 /* Info.plist */,
			);
			path = "Final Project!UITests";
			sourceTree = "<group>";
		};
/* End PBXGroup section */

/* Begin PBXNativeTarget section */
		187249C124D1F476005A64B3 /* Final Project! */ = {
			isa = PBXNativeTarget;
			buildConfigurationList = 187249EF24D1F478005A64B3 /* Build configuration list for PBXNativeTarget "Final Project!" */;
			buildPhases = (
				187249BE24D1F476005A64B3 /* Sources */,
				187249BF24D1F476005A64B3 /* Frameworks */,
				187249C024D1F476005A64B3 /* Resources */,
			);
			buildRules = (
			);
			dependencies = (
			);
			name = "Final Project!";
			productName = "Final Project!";
			productReference = 187249C224D1F476005A64B3 /* Final Project!.app */;
			productType = "com.apple.product-type.application";
		};
		187249DA24D1F478005A64B3 /* Final Project!Tests */ = {
			isa = PBXNativeTarget;
			buildConfigurationList = 187249F224D1F478005A64B3 /* Build configuration list for PBXNativeTarget "Final Project!Tests" */;
			buildPhases = (
				187249D724D1F478005A64B3 /* Sources */,
				187249D824D1F478005A64B3 /* Frameworks */,
				187249D924D1F478005A64B3 /* Resources */,
			);
			buildRules = (
			);
			dependencies = (
				187249DD24D1F478005A64B3 /* PBXTargetDependency */,
			);
			name = "Final Project!Tests";
			productName = "Final Project!Tests";
			productReference = 187249DB24D1F478005A64B3 /* Final Project!Tests.xctest */;
			productType = "com.apple.product-type.bundle.unit-test";
		};
		187249E524D1F478005A64B3 /* Final Project!UITests */ = {
			isa = PBXNativeTarget;
			buildConfigurationList = 187249F524D1F478005A64B3 /* Build configuration list for PBXNativeTarget "Final Project!UITests" */;
			buildPhases = (
				187249E224D1F478005A64B3 /* Sources */,
				187249E324D1F478005A64B3 /* Frameworks */,
				187249E424D1F478005A64B3 /* Resources */,
			);
			buildRules = (
			);
			dependencies = (
				187249E824D1F478005A64B3 /* PBXTargetDependency */,
			);
			name = "Final Project!UITests";
			productName = "Final Project!UITests";
			productReference = 187249E624D1F478005A64B3 /* Final Project!UITests.xctest */;
			productType = "com.apple.product-type.bundle.ui-testing";
		};
/* End PBXNativeTarget section */

/* Begin PBXProject section */
		187249BA24D1F476005A64B3 /* Project object */ = {
			isa = PBXProject;
			attributes = {
				LastSwiftUpdateCheck = 1150;
				LastUpgradeCheck = 1150;
				ORGANIZATIONNAME = "Ella Sklar";
				TargetAttributes = {
					187249C124D1F476005A64B3 = {
						CreatedOnToolsVersion = 11.5;
					};
					187249DA24D1F478005A64B3 = {
						CreatedOnToolsVersion = 11.5;
						TestTargetID = 187249C124D1F476005A64B3;
					};
					187249E524D1F478005A64B3 = {
						CreatedOnToolsVersion = 11.5;
						TestTargetID = 187249C124D1F476005A64B3;
					};
				};
			};
			buildConfigurationList = 187249BD24D1F476005A64B3 /* Build configuration list for PBXProject "Final Project!" */;
			compatibilityVersion = "Xcode 9.3";
			developmentRegion = en;
			hasScannedForEncodings = 0;
			knownRegions = (
				en,
				Base,
			);
			mainGroup = 187249B924D1F476005A64B3;
			productRefGroup = 187249C324D1F476005A64B3 /* Products */;
			projectDirPath = "";
			projectRoot = "";
			targets = (
				187249C124D1F476005A64B3 /* Final Project! */,
				187249DA24D1F478005A64B3 /* Final Project!Tests */,
				187249E524D1F478005A64B3 /* Final Project!UITests */,
			);
		};
/* End PBXProject section */

/* Begin PBXResourcesBuildPhase section */
		187249C024D1F476005A64B3 /* Resources */ = {
			isa = PBXResourcesBuildPhase;
			buildActionMask = 2147483647;
			files = (
				187249D524D1F477005A64B3 /* LaunchScreen.storyboard in Resources */,
				187249D224D1F477005A64B3 /* Assets.xcassets in Resources */,
				187249CD24D1F476005A64B3 /* Main.storyboard in Resources */,
			);
			runOnlyForDeploymentPostprocessing = 0;
		};
		187249D924D1F478005A64B3 /* Resources */ = {
			isa = PBXResourcesBuildPhase;
			buildActionMask = 2147483647;
			files = (
			);
			runOnlyForDeploymentPostprocessing = 0;
		};
		187249E424D1F478005A64B3 /* Resources */ = {
			isa = PBXResourcesBuildPhase;
			buildActionMask = 2147483647;
			files = (
			);
			runOnlyForDeploymentPostprocessing = 0;
		};
/* End PBXResourcesBuildPhase section */

/* Begin PBXSourcesBuildPhase section */
		187249BE24D1F476005A64B3 /* Sources */ = {
			isa = PBXSourcesBuildPhase;
			buildActionMask = 2147483647;
			files = (
				18724A0524D1F77B005A64B3 /* disability.swift in Sources */,
				187249F924D1F5A8005A64B3 /* options.swift in Sources */,
				07C2436024D2DB3900582DF0 /* missionStatement.swift in Sources */,
				187249CA24D1F476005A64B3 /* ViewController.swift in Sources */,
				187249C624D1F476005A64B3 /* AppDelegate.swift in Sources */,
				187249FD24D1F60B005A64B3 /* resources.swift in Sources */,
				187249FF24D1F633005A64B3 /* mentalHealth.swift in Sources */,
				187249D024D1F476005A64B3 /* Final_Project_.xcdatamodeld in Sources */,
				187249C824D1F476005A64B3 /* SceneDelegate.swift in Sources */,
				18724A0124D1F6A6005A64B3 /* BLM.swift in Sources */,
				18724A0324D1F6B9005A64B3 /* LGBTQ.swift in Sources */,
				187249FB24D1F5E4005A64B3 /* weeklyUpdates.swift in Sources */,
				18724A0724D1F792005A64B3 /* womensRights.swift in Sources */,
				18724A0924D1F7B6005A64B3 /* cilmateChange.swift in Sources */,
			);
			runOnlyForDeploymentPostprocessing = 0;
		};
		187249D724D1F478005A64B3 /* Sources */ = {
			isa = PBXSourcesBuildPhase;
			buildActionMask = 2147483647;
			files = (
				187249E024D1F478005A64B3 /* Final_Project_Tests.swift in Sources */,
			);
			runOnlyForDeploymentPostprocessing = 0;
		};
		187249E224D1F478005A64B3 /* Sources */ = {
			isa = PBXSourcesBuildPhase;
			buildActionMask = 2147483647;
			files = (
				187249EB24D1F478005A64B3 /* Final_Project_UITests.swift in Sources */,
			);
			runOnlyForDeploymentPostprocessing = 0;
		};
/* End PBXSourcesBuildPhase section */

/* Begin PBXTargetDependency section */
		187249DD24D1F478005A64B3 /* PBXTargetDependency */ = {
			isa = PBXTargetDependency;
			target = 187249C124D1F476005A64B3 /* Final Project! */;
			targetProxy = 187249DC24D1F478005A64B3 /* PBXContainerItemProxy */;
		};
		187249E824D1F478005A64B3 /* PBXTargetDependency */ = {
			isa = PBXTargetDependency;
			target = 187249C124D1F476005A64B3 /* Final Project! */;
			targetProxy = 187249E724D1F478005A64B3 /* PBXContainerItemProxy */;
		};
/* End PBXTargetDependency section */

/* Begin PBXVariantGroup section */
		187249CB24D1F476005A64B3 /* Main.storyboard */ = {
			isa = PBXVariantGroup;
			children = (
				187249CC24D1F476005A64B3 /* Base */,
			);
			name = Main.storyboard;
			sourceTree = "<group>";
		};
		187249D324D1F477005A64B3 /* LaunchScreen.storyboard */ = {
			isa = PBXVariantGroup;
			children = (
				187249D424D1F477005A64B3 /* Base */,
			);
			name = LaunchScreen.storyboard;
			sourceTree = "<group>";
		};
/* End PBXVariantGroup section */

/* Begin XCBuildConfiguration section */
		187249ED24D1F478005A64B3 /* Debug */ = {
			isa = XCBuildConfiguration;
			buildSettings = {
				ALWAYS_SEARCH_USER_PATHS = NO;
				CLANG_ANALYZER_NONNULL = YES;
				CLANG_ANALYZER_NUMBER_OBJECT_CONVERSION = YES_AGGRESSIVE;
				CLANG_CXX_LANGUAGE_STANDARD = "gnu++14";
				CLANG_CXX_LIBRARY = "libc++";
				CLANG_ENABLE_MODULES = YES;
				CLANG_ENABLE_OBJC_ARC = YES;
				CLANG_ENABLE_OBJC_WEAK = YES;
				CLANG_WARN_BLOCK_CAPTURE_AUTORELEASING = YES;
				CLANG_WARN_BOOL_CONVERSION = YES;
				CLANG_WARN_COMMA = YES;
				CLANG_WARN_CONSTANT_CONVERSION = YES;
				CLANG_WARN_DEPRECATED_OBJC_IMPLEMENTATIONS = YES;
				CLANG_WARN_DIRECT_OBJC_ISA_USAGE = YES_ERROR;
				CLANG_WARN_DOCUMENTATION_COMMENTS = YES;
				CLANG_WARN_EMPTY_BODY = YES;
				CLANG_WARN_ENUM_CONVERSION = YES;
				CLANG_WARN_INFINITE_RECURSION = YES;
				CLANG_WARN_INT_CONVERSION = YES;
				CLANG_WARN_NON_LITERAL_NULL_CONVERSION = YES;
				CLANG_WARN_OBJC_IMPLICIT_RETAIN_SELF = YES;
				CLANG_WARN_OBJC_LITERAL_CONVERSION = YES;
				CLANG_WARN_OBJC_ROOT_CLASS = YES_ERROR;
				CLANG_WARN_RANGE_LOOP_ANALYSIS = YES;
				CLANG_WARN_STRICT_PROTOTYPES = YES;
				CLANG_WARN_SUSPICIOUS_MOVE = YES;
				CLANG_WARN_UNGUARDED_AVAILABILITY = YES_AGGRESSIVE;
				CLANG_WARN_UNREACHABLE_CODE = YES;
				CLANG_WARN__DUPLICATE_METHOD_MATCH = YES;
				COPY_PHASE_STRIP = NO;
				DEBUG_INFORMATION_FORMAT = dwarf;
				ENABLE_STRICT_OBJC_MSGSEND = YES;
				ENABLE_TESTABILITY = YES;
				GCC_C_LANGUAGE_STANDARD = gnu11;
				GCC_DYNAMIC_NO_PIC = NO;
				GCC_NO_COMMON_BLOCKS = YES;
				GCC_OPTIMIZATION_LEVEL = 0;
				GCC_PREPROCESSOR_DEFINITIONS = (
					"DEBUG=1",
					"$(inherited)",
				);
				GCC_WARN_64_TO_32_BIT_CONVERSION = YES;
				GCC_WARN_ABOUT_RETURN_TYPE = YES_ERROR;
				GCC_WARN_UNDECLARED_SELECTOR = YES;
				GCC_WARN_UNINITIALIZED_AUTOS = YES_AGGRESSIVE;
				GCC_WARN_UNUSED_FUNCTION = YES;
				GCC_WARN_UNUSED_VARIABLE = YES;
				IPHONEOS_DEPLOYMENT_TARGET = 13.5;
				MTL_ENABLE_DEBUG_INFO = INCLUDE_SOURCE;
				MTL_FAST_MATH = YES;
				ONLY_ACTIVE_ARCH = YES;
				SDKROOT = iphoneos;
				SWIFT_ACTIVE_COMPILATION_CONDITIONS = DEBUG;
				SWIFT_OPTIMIZATION_LEVEL = "-Onone";
			};
			name = Debug;
		};
		187249EE24D1F478005A64B3 /* Release */ = {
			isa = XCBuildConfiguration;
			buildSettings = {
				ALWAYS_SEARCH_USER_PATHS = NO;
				CLANG_ANALYZER_NONNULL = YES;
				CLANG_ANALYZER_NUMBER_OBJECT_CONVERSION = YES_AGGRESSIVE;
				CLANG_CXX_LANGUAGE_STANDARD = "gnu++14";
				CLANG_CXX_LIBRARY = "libc++";
				CLANG_ENABLE_MODULES = YES;
				CLANG_ENABLE_OBJC_ARC = YES;
				CLANG_ENABLE_OBJC_WEAK = YES;
				CLANG_WARN_BLOCK_CAPTURE_AUTORELEASING = YES;
				CLANG_WARN_BOOL_CONVERSION = YES;
				CLANG_WARN_COMMA = YES;
				CLANG_WARN_CONSTANT_CONVERSION = YES;
				CLANG_WARN_DEPRECATED_OBJC_IMPLEMENTATIONS = YES;
				CLANG_WARN_DIRECT_OBJC_ISA_USAGE = YES_ERROR;
				CLANG_WARN_DOCUMENTATION_COMMENTS = YES;
				CLANG_WARN_EMPTY_BODY = YES;
				CLANG_WARN_ENUM_CONVERSION = YES;
				CLANG_WARN_INFINITE_RECURSION = YES;
				CLANG_WARN_INT_CONVERSION = YES;
				CLANG_WARN_NON_LITERAL_NULL_CONVERSION = YES;
				CLANG_WARN_OBJC_IMPLICIT_RETAIN_SELF = YES;
				CLANG_WARN_OBJC_LITERAL_CONVERSION = YES;
				CLANG_WARN_OBJC_ROOT_CLASS = YES_ERROR;
				CLANG_WARN_RANGE_LOOP_ANALYSIS = YES;
				CLANG_WARN_STRICT_PROTOTYPES = YES;
				CLANG_WARN_SUSPICIOUS_MOVE = YES;
				CLANG_WARN_UNGUARDED_AVAILABILITY = YES_AGGRESSIVE;
				CLANG_WARN_UNREACHABLE_CODE = YES;
				CLANG_WARN__DUPLICATE_METHOD_MATCH = YES;
				COPY_PHASE_STRIP = NO;
				DEBUG_INFORMATION_FORMAT = "dwarf-with-dsym";
				ENABLE_NS_ASSERTIONS = NO;
				ENABLE_STRICT_OBJC_MSGSEND = YES;
				GCC_C_LANGUAGE_STANDARD = gnu11;
				GCC_NO_COMMON_BLOCKS = YES;
				GCC_WARN_64_TO_32_BIT_CONVERSION = YES;
				GCC_WARN_ABOUT_RETURN_TYPE = YES_ERROR;
				GCC_WARN_UNDECLARED_SELECTOR = YES;
				GCC_WARN_UNINITIALIZED_AUTOS = YES_AGGRESSIVE;
				GCC_WARN_UNUSED_FUNCTION = YES;
				GCC_WARN_UNUSED_VARIABLE = YES;
				IPHONEOS_DEPLOYMENT_TARGET = 13.5;
				MTL_ENABLE_DEBUG_INFO = NO;
				MTL_FAST_MATH = YES;
				SDKROOT = iphoneos;
				SWIFT_COMPILATION_MODE = wholemodule;
				SWIFT_OPTIMIZATION_LEVEL = "-O";
				VALIDATE_PRODUCT = YES;
			};
			name = Release;
		};
		187249F024D1F478005A64B3 /* Debug */ = {
			isa = XCBuildConfiguration;
			buildSettings = {
				ASSETCATALOG_COMPILER_APPICON_NAME = AppIcon;
				CODE_SIGN_STYLE = Automatic;
				INFOPLIST_FILE = "Final Project!/Info.plist";
				LD_RUNPATH_SEARCH_PATHS = (
					"$(inherited)",
					"@executable_path/Frameworks",
				);
				PRODUCT_BUNDLE_IDENTIFIER = "KWK.Final-Project-";
				PRODUCT_NAME = "$(TARGET_NAME)";
				SWIFT_VERSION = 5.0;
				TARGETED_DEVICE_FAMILY = "1,2";
			};
			name = Debug;
		};
		187249F124D1F478005A64B3 /* Release */ = {
			isa = XCBuildConfiguration;
			buildSettings = {
				ASSETCATALOG_COMPILER_APPICON_NAME = AppIcon;
				CODE_SIGN_STYLE = Automatic;
				INFOPLIST_FILE = "Final Project!/Info.plist";
				LD_RUNPATH_SEARCH_PATHS = (
					"$(inherited)",
					"@executable_path/Frameworks",
				);
				PRODUCT_BUNDLE_IDENTIFIER = "KWK.Final-Project-";
				PRODUCT_NAME = "$(TARGET_NAME)";
				SWIFT_VERSION = 5.0;
				TARGETED_DEVICE_FAMILY = "1,2";
			};
			name = Release;
		};
		187249F324D1F478005A64B3 /* Debug */ = {
			isa = XCBuildConfiguration;
			buildSettings = {
				ALWAYS_EMBED_SWIFT_STANDARD_LIBRARIES = YES;
				BUNDLE_LOADER = "$(TEST_HOST)";
				CODE_SIGN_STYLE = Automatic;
				INFOPLIST_FILE = "Final Project!Tests/Info.plist";
				IPHONEOS_DEPLOYMENT_TARGET = 13.5;
				LD_RUNPATH_SEARCH_PATHS = (
					"$(inherited)",
					"@executable_path/Frameworks",
					"@loader_path/Frameworks",
				);
				PRODUCT_BUNDLE_IDENTIFIER = "KWK.Final-Project-Tests";
				PRODUCT_NAME = "$(TARGET_NAME)";
				SWIFT_VERSION = 5.0;
				TARGETED_DEVICE_FAMILY = "1,2";
				TEST_HOST = "$(BUILT_PRODUCTS_DIR)/Final Project!.app/Final Project!";
			};
			name = Debug;
		};
		187249F424D1F478005A64B3 /* Release */ = {
			isa = XCBuildConfiguration;
			buildSettings = {
				ALWAYS_EMBED_SWIFT_STANDARD_LIBRARIES = YES;
				BUNDLE_LOADER = "$(TEST_HOST)";
				CODE_SIGN_STYLE = Automatic;
				INFOPLIST_FILE = "Final Project!Tests/Info.plist";
				IPHONEOS_DEPLOYMENT_TARGET = 13.5;
				LD_RUNPATH_SEARCH_PATHS = (
					"$(inherited)",
					"@executable_path/Frameworks",
					"@loader_path/Frameworks",
				);
				PRODUCT_BUNDLE_IDENTIFIER = "KWK.Final-Project-Tests";
				PRODUCT_NAME = "$(TARGET_NAME)";
				SWIFT_VERSION = 5.0;
				TARGETED_DEVICE_FAMILY = "1,2";
				TEST_HOST = "$(BUILT_PRODUCTS_DIR)/Final Project!.app/Final Project!";
			};
			name = Release;
		};
		187249F624D1F478005A64B3 /* Debug */ = {
			isa = XCBuildConfiguration;
			buildSettings = {
				ALWAYS_EMBED_SWIFT_STANDARD_LIBRARIES = YES;
				CODE_SIGN_STYLE = Automatic;
				INFOPLIST_FILE = "Final Project!UITests/Info.plist";
				LD_RUNPATH_SEARCH_PATHS = (
					"$(inherited)",
					"@executable_path/Frameworks",
					"@loader_path/Frameworks",
				);
				PRODUCT_BUNDLE_IDENTIFIER = "KWK.Final-Project-UITests";
				PRODUCT_NAME = "$(TARGET_NAME)";
				SWIFT_VERSION = 5.0;
				TARGETED_DEVICE_FAMILY = "1,2";
				TEST_TARGET_NAME = "Final Project!";
			};
			name = Debug;
		};
		187249F724D1F478005A64B3 /* Release */ = {
			isa = XCBuildConfiguration;
			buildSettings = {
				ALWAYS_EMBED_SWIFT_STANDARD_LIBRARIES = YES;
				CODE_SIGN_STYLE = Automatic;
				INFOPLIST_FILE = "Final Project!UITests/Info.plist";
				LD_RUNPATH_SEARCH_PATHS = (
					"$(inherited)",
					"@executable_path/Frameworks",
					"@loader_path/Frameworks",
				);
				PRODUCT_BUNDLE_IDENTIFIER = "KWK.Final-Project-UITests";
				PRODUCT_NAME = "$(TARGET_NAME)";
				SWIFT_VERSION = 5.0;
				TARGETED_DEVICE_FAMILY = "1,2";
				TEST_TARGET_NAME = "Final Project!";
			};
			name = Release;
		};
/* End XCBuildConfiguration section */

/* Begin XCConfigurationList section */
		187249BD24D1F476005A64B3 /* Build configuration list for PBXProject "Final Project!" */ = {
			isa = XCConfigurationList;
			buildConfigurations = (
				187249ED24D1F478005A64B3 /* Debug */,
				187249EE24D1F478005A64B3 /* Release */,
			);
			defaultConfigurationIsVisible = 0;
			defaultConfigurationName = Release;
		};
		187249EF24D1F478005A64B3 /* Build configuration list for PBXNativeTarget "Final Project!" */ = {
			isa = XCConfigurationList;
			buildConfigurations = (
				187249F024D1F478005A64B3 /* Debug */,
				187249F124D1F478005A64B3 /* Release */,
			);
			defaultConfigurationIsVisible = 0;
			defaultConfigurationName = Release;
		};
		187249F224D1F478005A64B3 /* Build configuration list for PBXNativeTarget "Final Project!Tests" */ = {
			isa = XCConfigurationList;
			buildConfigurations = (
				187249F324D1F478005A64B3 /* Debug */,
				187249F424D1F478005A64B3 /* Release */,
			);
			defaultConfigurationIsVisible = 0;
			defaultConfigurationName = Release;
		};
		187249F524D1F478005A64B3 /* Build configuration list for PBXNativeTarget "Final Project!UITests" */ = {
			isa = XCConfigurationList;
			buildConfigurations = (
				187249F624D1F478005A64B3 /* Debug */,
				187249F724D1F478005A64B3 /* Release */,
			);
			defaultConfigurationIsVisible = 0;
			defaultConfigurationName = Release;
		};
/* End XCConfigurationList section */

/* Begin XCVersionGroup section */
		187249CE24D1F476005A64B3 /* Final_Project_.xcdatamodeld */ = {
			isa = XCVersionGroup;
			children = (
				187249CF24D1F476005A64B3 /* Final_Project_.xcdatamodel */,
			);
			currentVersion = 187249CF24D1F476005A64B3 /* Final_Project_.xcdatamodel */;
			path = Final_Project_.xcdatamodeld;
			sourceTree = "<group>";
			versionGroupType = wrapper.xcdatamodel;
		};
/* End XCVersionGroup section */
	};
	rootObject = 187249BA24D1F476005A64B3 /* Project object */;
}
